// !$*UTF8*$!
{
	archiveVersion = 1;
	classes = {
	};
	objectVersion = 50;
	objects = {

/* Begin PBXBuildFile section */
		9E4801CA2371D74E00AC5C28 /* AppDelegate.swift in Sources */ = {isa = PBXBuildFile; fileRef = 9E4801C92371D74E00AC5C28 /* AppDelegate.swift */; };
		9E4801CC2371D74E00AC5C28 /* SceneDelegate.swift in Sources */ = {isa = PBXBuildFile; fileRef = 9E4801CB2371D74E00AC5C28 /* SceneDelegate.swift */; };
		9E4801CE2371D74E00AC5C28 /* ViewController.swift in Sources */ = {isa = PBXBuildFile; fileRef = 9E4801CD2371D74E00AC5C28 /* ViewController.swift */; };
		9E4801D12371D74E00AC5C28 /* Main.storyboard in Resources */ = {isa = PBXBuildFile; fileRef = 9E4801CF2371D74E00AC5C28 /* Main.storyboard */; };
		9E4801D32371D74F00AC5C28 /* Assets.xcassets in Resources */ = {isa = PBXBuildFile; fileRef = 9E4801D22371D74F00AC5C28 /* Assets.xcassets */; };
		9E4801D62371D74F00AC5C28 /* LaunchScreen.storyboard in Resources */ = {isa = PBXBuildFile; fileRef = 9E4801D42371D74F00AC5C28 /* LaunchScreen.storyboard */; };
/* End PBXBuildFile section */

/* Begin PBXFileReference section */
		9E4801C62371D74E00AC5C28 /* GeometryApp.app */ = {isa = PBXFileReference; explicitFileType = wrapper.application; includeInIndex = 0; path = GeometryApp.app; sourceTree = BUILT_PRODUCTS_DIR; };
		9E4801C92371D74E00AC5C28 /* AppDelegate.swift */ = {isa = PBXFileReference; lastKnownFileType = sourcecode.swift; path = AppDelegate.swift; sourceTree = "<group>"; };
		9E4801CB2371D74E00AC5C28 /* SceneDelegate.swift */ = {isa = PBXFileReference; lastKnownFileType = sourcecode.swift; path = SceneDelegate.swift; sourceTree = "<group>"; };
		9E4801CD2371D74E00AC5C28 /* ViewController.swift */ = {isa = PBXFileReference; lastKnownFileType = sourcecode.swift; path = ViewController.swift; sourceTree = "<group>"; };
		9E4801D02371D74E00AC5C28 /* Base */ = {isa = PBXFileReference; lastKnownFileType = file.storyboard; name = Base; path = Base.lproj/Main.storyboard; sourceTree = "<group>"; };
		9E4801D22371D74F00AC5C28 /* Assets.xcassets */ = {isa = PBXFileReference; lastKnownFileType = folder.assetcatalog; path = Assets.xcassets; sourceTree = "<group>"; };
		9E4801D52371D74F00AC5C28 /* Base */ = {isa = PBXFileReference; lastKnownFileType = file.storyboard; name = Base; path = Base.lproj/LaunchScreen.storyboard; sourceTree = "<group>"; };
		9E4801D72371D74F00AC5C28 /* Info.plist */ = {isa = PBXFileReference; lastKnownFileType = text.plist.xml; path = Info.plist; sourceTree = "<group>"; };
/* End PBXFileReference section */

/* Begin PBXFrameworksBuildPhase section */
		9E4801C32371D74E00AC5C28 /* Frameworks */ = {
			isa = PBXFrameworksBuildPhase;
			buildActionMask = 2147483647;
			files = (
			);
			runOnlyForDeploymentPostprocessing = 0;
		};
/* End PBXFrameworksBuildPhase section */

/* Begin PBXGroup section */
		9E4801BD2371D74E00AC5C28 = {
			isa = PBXGroup;
			children = (
				9E4801C82371D74E00AC5C28 /* GeometryApp */,
				9E4801C72371D74E00AC5C28 /* Products */,
			);
			sourceTree = "<group>";
		};
		9E4801C72371D74E00AC5C28 /* Products */ = {
			isa = PBXGroup;
			children = (
				9E4801C62371D74E00AC5C28 /* GeometryApp.app */,
			);
			name = Products;
			sourceTree = "<group>";
		};
		9E4801C82371D74E00AC5C28 /* GeometryApp */ = {
			isa = PBXGroup;
			children = (
				9E4801C92371D74E00AC5C28 /* AppDelegate.swift */,
				9E4801CB2371D74E00AC5C28 /* SceneDelegate.swift */,
				9E4801CD2371D74E00AC5C28 /* ViewController.swift */,
				9E4801CF2371D74E00AC5C28 /* Main.storyboard */,
				9E4801D22371D74F00AC5C28 /* Assets.xcassets */,
				9E4801D42371D74F00AC5C28 /* LaunchScreen.storyboard */,
				9E4801D72371D74F00AC5C28 /* Info.plist */,
			);
			path = GeometryApp;
			sourceTree = "<group>";
		};
/* End PBXGroup section */

/* Begin PBXNativeTarget section */
		9E4801C52371D74E00AC5C28 /* GeometryApp */ = {
			isa = PBXNativeTarget;
			buildConfigurationList = 9E4801DA2371D74F00AC5C28 /* Build configuration list for PBXNativeTarget "GeometryApp" */;
			buildPhases = (
				9E4801C22371D74E00AC5C28 /* Sources */,
				9E4801C32371D74E00AC5C28 /* Frameworks */,
				9E4801C42371D74E00AC5C28 /* Resources */,
			);
			buildRules = (
			);
			dependencies = (
			);
			name = GeometryApp;
			productName = GeometryApp;
			productReference = 9E4801C62371D74E00AC5C28 /* GeometryApp.app */;
			productType = "com.apple.product-type.application";
		};
/* End PBXNativeTarget section */

/* Begin PBXProject section */
		9E4801BE2371D74E00AC5C28 /* Project object */ = {
			isa = PBXProject;
			attributes = {
				LastSwiftUpdateCheck = 1110;
				LastUpgradeCheck = 1110;
				ORGANIZATIONNAME = "Lee, Kenneth Van";
				TargetAttributes = {
					9E4801C52371D74E00AC5C28 = {
						CreatedOnToolsVersion = 11.1;
					};
				};
			};
			buildConfigurationList = 9E4801C12371D74E00AC5C28 /* Build configuration list for PBXProject "GeometryApp" */;
			compatibilityVersion = "Xcode 9.3";
			developmentRegion = en;
			hasScannedForEncodings = 0;
			knownRegions = (
				en,
				Base,
			);
			mainGroup = 9E4801BD2371D74E00AC5C28;
			productRefGroup = 9E4801C72371D74E00AC5C28 /* Products */;
			projectDirPath = "";
			projectRoot = "";
			targets = (
				9E4801C52371D74E00AC5C28 /* GeometryApp */,
			);
		};
/* End PBXProject section */

/* Begin PBXResourcesBuildPhase section */
		9E4801C42371D74E00AC5C28 /* Resources */ = {
			isa = PBXResourcesBuildPhase;
			buildActionMask = 2147483647;
			files = (
				9E4801D62371D74F00AC5C28 /* LaunchScreen.storyboard in Resources */,
				9E4801D32371D74F00AC5C28 /* Assets.xcassets in Resources */,
				9E4801D12371D74E00AC5C28 /* Main.storyboard in Resources */,
			);
			runOnlyForDeploymentPostprocessing = 0;
		};
/* End PBXResourcesBuildPhase section */

/* Begin PBXSourcesBuildPhase section */
		9E4801C22371D74E00AC5C28 /* Sources */ = {
			isa = PBXSourcesBuildPhase;
			buildActionMask = 2147483647;
			files = (
				9E4801CE2371D74E00AC5C28 /* ViewController.swift in Sources */,
				9E4801CA2371D74E00AC5C28 /* AppDelegate.swift in Sources */,
				9E4801CC2371D74E00AC5C28 /* SceneDelegate.swift in Sources */,
			);
			runOnlyForDeploymentPostprocessing = 0;
		};
/* End PBXSourcesBuildPhase section */

/* Begin PBXVariantGroup section */
		9E4801CF2371D74E00AC5C28 /* Main.storyboard */ = {
			isa = PBXVariantGroup;
			children = (
				9E4801D02371D74E00AC5C28 /* Base */,
			);
			name = Main.storyboard;
			sourceTree = "<group>";
		};
		9E4801D42371D74F00AC5C28 /* LaunchScreen.storyboard */ = {
			isa = PBXVariantGroup;
			children = (
				9E4801D52371D74F00AC5C28 /* Base */,
			);
			name = LaunchScreen.storyboard;
			sourceTree = "<group>";
		};
/* End PBXVariantGroup section */

/* Begin XCBuildConfiguration section */
		9E4801D82371D74F00AC5C28 /* Debug */ = {
			isa = XCBuildConfiguration;
			buildSettings = {
				ALWAYS_SEARCH_USER_PATHS = NO;
				CLANG_ANALYZER_NONNULL = YES;
				CLANG_ANALYZER_NUMBER_OBJECT_CONVERSION = YES_AGGRESSIVE;
				CLANG_CXX_LANGUAGE_STANDARD = "gnu++14";
				CLANG_CXX_LIBRARY = "libc++";
				CLANG_ENABLE_MODULES = YES;
				CLANG_ENABLE_OBJC_ARC = YES;
				CLANG_ENABLE_OBJC_WEAK = YES;
				CLANG_WARN_BLOCK_CAPTURE_AUTORELEASING = YES;
				CLANG_WARN_BOOL_CONVERSION = YES;
				CLANG_WARN_COMMA = YES;
				CLANG_WARN_CONSTANT_CONVERSION = YES;
				CLANG_WARN_DEPRECATED_OBJC_IMPLEMENTATIONS = YES;
				CLANG_WARN_DIRECT_OBJC_ISA_USAGE = YES_ERROR;
				CLANG_WARN_DOCUMENTATION_COMMENTS = YES;
				CLANG_WARN_EMPTY_BODY = YES;
				CLANG_WARN_ENUM_CONVERSION = YES;
				CLANG_WARN_INFINITE_RECURSION = YES;
				CLANG_WARN_INT_CONVERSION = YES;
				CLANG_WARN_NON_LITERAL_NULL_CONVERSION = YES;
				CLANG_WARN_OBJC_IMPLICIT_RETAIN_SELF = YES;
				CLANG_WARN_OBJC_LITERAL_CONVERSION = YES;
				CLANG_WARN_OBJC_ROOT_CLASS = YES_ERROR;
				CLANG_WARN_RANGE_LOOP_ANALYSIS = YES;
				CLANG_WARN_STRICT_PROTOTYPES = YES;
				CLANG_WARN_SUSPICIOUS_MOVE = YES;
				CLANG_WARN_UNGUARDED_AVAILABILITY = YES_AGGRESSIVE;
				CLANG_WARN_UNREACHABLE_CODE = YES;
				CLANG_WARN__DUPLICATE_METHOD_MATCH = YES;
				COPY_PHASE_STRIP = NO;
				DEBUG_INFORMATION_FORMAT = dwarf;
				ENABLE_STRICT_OBJC_MSGSEND = YES;
				ENABLE_TESTABILITY = YES;
				GCC_C_LANGUAGE_STANDARD = gnu11;
				GCC_DYNAMIC_NO_PIC = NO;
				GCC_NO_COMMON_BLOCKS = YES;
				GCC_OPTIMIZATION_LEVEL = 0;
				GCC_PREPROCESSOR_DEFINITIONS = (
					"DEBUG=1",
					"$(inherited)",
				);
				GCC_WARN_64_TO_32_BIT_CONVERSION = YES;
				GCC_WARN_ABOUT_RETURN_TYPE = YES_ERROR;
				GCC_WARN_UNDECLARED_SELECTOR = YES;
				GCC_WARN_UNINITIALIZED_AUTOS = YES_AGGRESSIVE;
				GCC_WARN_UNUSED_FUNCTION = YES;
				GCC_WARN_UNUSED_VARIABLE = YES;
				IPHONEOS_DEPLOYMENT_TARGET = 13.1;
				MTL_ENABLE_DEBUG_INFO = INCLUDE_SOURCE;
				MTL_FAST_MATH = YES;
				ONLY_ACTIVE_ARCH = YES;
				SDKROOT = iphoneos;
				SWIFT_ACTIVE_COMPILATION_CONDITIONS = DEBUG;
				SWIFT_OPTIMIZATION_LEVEL = "-Onone";
			};
			name = Debug;
		};
		9E4801D92371D74F00AC5C28 /* Release */ = {
			isa = XCBuildConfiguration;
			buildSettings = {
				ALWAYS_SEARCH_USER_PATHS = NO;
				CLANG_ANALYZER_NONNULL = YES;
				CLANG_ANALYZER_NUMBER_OBJECT_CONVERSION = YES_AGGRESSIVE;
				CLANG_CXX_LANGUAGE_STANDARD = "gnu++14";
				CLANG_CXX_LIBRARY = "libc++";
				CLANG_ENABLE_MODULES = YES;
				CLANG_ENABLE_OBJC_ARC = YES;
				CLANG_ENABLE_OBJC_WEAK = YES;
				CLANG_WARN_BLOCK_CAPTURE_AUTORELEASING = YES;
				CLANG_WARN_BOOL_CONVERSION = YES;
				CLANG_WARN_COMMA = YES;
				CLANG_WARN_CONSTANT_CONVERSION = YES;
				CLANG_WARN_DEPRECATED_OBJC_IMPLEMENTATIONS = YES;
				CLANG_WARN_DIRECT_OBJC_ISA_USAGE = YES_ERROR;
				CLANG_WARN_DOCUMENTATION_COMMENTS = YES;
				CLANG_WARN_EMPTY_BODY = YES;
				CLANG_WARN_ENUM_CONVERSION = YES;
				CLANG_WARN_INFINITE_RECURSION = YES;
				CLANG_WARN_INT_CONVERSION = YES;
				CLANG_WARN_NON_LITERAL_NULL_CONVERSION = YES;
				CLANG_WARN_OBJC_IMPLICIT_RETAIN_SELF = YES;
				CLANG_WARN_OBJC_LITERAL_CONVERSION = YES;
				CLANG_WARN_OBJC_ROOT_CLASS = YES_ERROR;
				CLANG_WARN_RANGE_LOOP_ANALYSIS = YES;
				CLANG_WARN_STRICT_PROTOTYPES = YES;
				CLANG_WARN_SUSPICIOUS_MOVE = YES;
				CLANG_WARN_UNGUARDED_AVAILABILITY = YES_AGGRESSIVE;
				CLANG_WARN_UNREACHABLE_CODE = YES;
				CLANG_WARN__DUPLICATE_METHOD_MATCH = YES;
				COPY_PHASE_STRIP = NO;
				DEBUG_INFORMATION_FORMAT = "dwarf-with-dsym";
				ENABLE_NS_ASSERTIONS = NO;
				ENABLE_STRICT_OBJC_MSGSEND = YES;
				GCC_C_LANGUAGE_STANDARD = gnu11;
				GCC_NO_COMMON_BLOCKS = YES;
				GCC_WARN_64_TO_32_BIT_CONVERSION = YES;
				GCC_WARN_ABOUT_RETURN_TYPE = YES_ERROR;
				GCC_WARN_UNDECLARED_SELECTOR = YES;
				GCC_WARN_UNINITIALIZED_AUTOS = YES_AGGRESSIVE;
				GCC_WARN_UNUSED_FUNCTION = YES;
				GCC_WARN_UNUSED_VARIABLE = YES;
				IPHONEOS_DEPLOYMENT_TARGET = 13.1;
				MTL_ENABLE_DEBUG_INFO = NO;
				MTL_FAST_MATH = YES;
				SDKROOT = iphoneos;
				SWIFT_COMPILATION_MODE = wholemodule;
				SWIFT_OPTIMIZATION_LEVEL = "-O";
				VALIDATE_PRODUCT = YES;
			};
			name = Release;
		};
		9E4801DB2371D74F00AC5C28 /* Debug */ = {
			isa = XCBuildConfiguration;
			buildSettings = {
				ASSETCATALOG_COMPILER_APPICON_NAME = AppIcon;
				CODE_SIGN_STYLE = Automatic;
				DEVELOPMENT_TEAM = S4NKBX2466;
				INFOPLIST_FILE = GeometryApp/Info.plist;
				LD_RUNPATH_SEARCH_PATHS = (
					"$(inherited)",
					"@executable_path/Frameworks",
				);
				PRODUCT_BUNDLE_IDENTIFIER = com.kenneth.GeometryApp;
				PRODUCT_NAME = "$(TARGET_NAME)";
				SWIFT_VERSION = 5.0;
				TARGETED_DEVICE_FAMILY = "1,2";
			};
			name = Debug;
		};
		9E4801DC2371D74F00AC5C28 /* Release */ = {
			isa = XCBuildConfiguration;
			buildSettings = {
				ASSETCATALOG_COMPILER_APPICON_NAME = AppIcon;
				CODE_SIGN_STYLE = Automatic;
				DEVELOPMENT_TEAM = S4NKBX2466;
				INFOPLIST_FILE = GeometryApp/Info.plist;
				LD_RUNPATH_SEARCH_PATHS = (
					"$(inherited)",
					"@executable_path/Frameworks",
				);
				PRODUCT_BUNDLE_IDENTIFIER = com.kenneth.GeometryApp;
				PRODUCT_NAME = "$(TARGET_NAME)";
				SWIFT_VERSION = 5.0;
				TARGETED_DEVICE_FAMILY = "1,2";
			};
			name = Release;
		};
/* End XCBuildConfiguration section */

/* Begin XCConfigurationList section */
		9E4801C12371D74E00AC5C28 /* Build configuration list for PBXProject "GeometryApp" */ = {
			isa = XCConfigurationList;
			buildConfigurations = (
				9E4801D82371D74F00AC5C28 /* Debug */,
				9E4801D92371D74F00AC5C28 /* Release */,
			);
			defaultConfigurationIsVisible = 0;
			defaultConfigurationName = Release;
		};
		9E4801DA2371D74F00AC5C28 /* Build configuration list for PBXNativeTarget "GeometryApp" */ = {
			isa = XCConfigurationList;
			buildConfigurations = (
				9E4801DB2371D74F00AC5C28 /* Debug */,
				9E4801DC2371D74F00AC5C28 /* Release */,
			);
			defaultConfigurationIsVisible = 0;
			defaultConfigurationName = Release;
		};
/* End XCConfigurationList section */
	};
	rootObject = 9E4801BE2371D74E00AC5C28 /* Project object */;
}
